
Microsoft Visual Studio Solution File, Format Version 12.00
# Visual Studio Version 17
VisualStudioVersion = 17.9.34622.214
MinimumVisualStudioVersion = 10.0.40219.1
Project("{9A19103F-16F7-4668-BE54-9A1E7A4F7556}") = "Captcha.Server", "Captcha.Server\Captcha.Server.csproj", "{D57E04AD-E9E0-4BEC-93DA-4A8E13069B2D}"
EndProject
Project("{FAE04EC0-301F-11D3-BF4B-00C04F79EFBC}") = "Captcha.Domain", "Captcha.Domain\Captcha.Domain.csproj", "{021717AB-2FBB-49FA-BDA3-E7584A729783}"
EndProject
Project("{FAE04EC0-301F-11D3-BF4B-00C04F79EFBC}") = "Captcha.Infrastructure", "Captcha.Infrastructure\Captcha.Infrastructure.csproj", "{06DC5957-C580-4B6D-8172-79ED00662D85}"
EndProject
Project("{FAE04EC0-301F-11D3-BF4B-00C04F79EFBC}") = "Captcha.Application", "Captcha.Application\Captcha.Application.csproj", "{67EBC717-9D57-4706-86FA-CB81398CF214}"
EndProject
Global
	GlobalSection(SolutionConfigurationPlatforms) = preSolution
		Debug|Any CPU = Debug|Any CPU
		Release|Any CPU = Release|Any CPU
	EndGlobalSection
	GlobalSection(ProjectConfigurationPlatforms) = postSolution
		{D57E04AD-E9E0-4BEC-93DA-4A8E13069B2D}.Debug|Any CPU.ActiveCfg = Debug|Any CPU
		{D57E04AD-E9E0-4BEC-93DA-4A8E13069B2D}.Debug|Any CPU.Build.0 = Debug|Any CPU
		{D57E04AD-E9E0-4BEC-93DA-4A8E13069B2D}.Release|Any CPU.ActiveCfg = Release|Any CPU
		{D57E04AD-E9E0-4BEC-93DA-4A8E13069B2D}.Release|Any CPU.Build.0 = Release|Any CPU
		{021717AB-2FBB-49FA-BDA3-E7584A729783}.Debug|Any CPU.ActiveCfg = Debug|Any CPU
		{021717AB-2FBB-49FA-BDA3-E7584A729783}.Debug|Any CPU.Build.0 = Debug|Any CPU
		{021717AB-2FBB-49FA-BDA3-E7584A729783}.Release|Any CPU.ActiveCfg = Release|Any CPU
		{021717AB-2FBB-49FA-BDA3-E7584A729783}.Release|Any CPU.Build.0 = Release|Any CPU
		{06DC5957-C580-4B6D-8172-79ED00662D85}.Debug|Any CPU.ActiveCfg = Debug|Any CPU
		{06DC5957-C580-4B6D-8172-79ED00662D85}.Debug|Any CPU.Build.0 = Debug|Any CPU
		{06DC5957-C580-4B6D-8172-79ED00662D85}.Release|Any CPU.ActiveCfg = Release|Any CPU
		{06DC5957-C580-4B6D-8172-79ED00662D85}.Release|Any CPU.Build.0 = Release|Any CPU
		{67EBC717-9D57-4706-86FA-CB81398CF214}.Debug|Any CPU.ActiveCfg = Debug|Any CPU
		{67EBC717-9D57-4706-86FA-CB81398CF214}.Debug|Any CPU.Build.0 = Debug|Any CPU
		{67EBC717-9D57-4706-86FA-CB81398CF214}.Release|Any CPU.ActiveCfg = Release|Any CPU
		{67EBC717-9D57-4706-86FA-CB81398CF214}.Release|Any CPU.Build.0 = Release|Any CPU
	EndGlobalSection
	GlobalSection(SolutionProperties) = preSolution
		HideSolutionNode = FALSE
	EndGlobalSection
	GlobalSection(ExtensibilityGlobals) = postSolution
		SolutionGuid = {E2F52A31-D348-46FE-AC0E-B31157913A42}
	EndGlobalSection
EndGlobal
